// !$*UTF8*$!
{
	archiveVersion = 1;
	classes = {
	};
	objectVersion = 46;
	objects = {

/* Begin PBXBuildFile section */
		85CD54131B5B8D3F004B881C /* main.m in Sources */ = {isa = PBXBuildFile; fileRef = 85CD54121B5B8D3F004B881C /* main.m */; };
		85CD54161B5B8D3F004B881C /* AppDelegate.m in Sources */ = {isa = PBXBuildFile; fileRef = 85CD54151B5B8D3F004B881C /* AppDelegate.m */; };
		85CD54191B5B8D3F004B881C /* ViewController.m in Sources */ = {isa = PBXBuildFile; fileRef = 85CD54181B5B8D3F004B881C /* ViewController.m */; };
		85CD541C1B5B8D3F004B881C /* Main.storyboard in Resources */ = {isa = PBXBuildFile; fileRef = 85CD541A1B5B8D3F004B881C /* Main.storyboard */; };
		85CD541E1B5B8D3F004B881C /* Images.xcassets in Resources */ = {isa = PBXBuildFile; fileRef = 85CD541D1B5B8D3F004B881C /* Images.xcassets */; };
		85CD54211B5B8D3F004B881C /* LaunchScreen.xib in Resources */ = {isa = PBXBuildFile; fileRef = 85CD541F1B5B8D3F004B881C /* LaunchScreen.xib */; };
		85CD542D1B5B8D3F004B881C /* dasdfTests.m in Sources */ = {isa = PBXBuildFile; fileRef = 85CD542C1B5B8D3F004B881C /* dasdfTests.m */; };
/* End PBXBuildFile section */

/* Begin PBXContainerItemProxy section */
		85CD54271B5B8D3F004B881C /* PBXContainerItemProxy */ = {
			isa = PBXContainerItemProxy;
			containerPortal = 85CD54051B5B8D3F004B881C /* Project object */;
			proxyType = 1;
			remoteGlobalIDString = 85CD540C1B5B8D3F004B881C;
			remoteInfo = dasdf;
		};
/* End PBXContainerItemProxy section */

/* Begin PBXFileReference section */
		85CD540D1B5B8D3F004B881C /* dasdf.app */ = {isa = PBXFileReference; explicitFileType = wrapper.application; includeInIndex = 0; path = dasdf.app; sourceTree = BUILT_PRODUCTS_DIR; };
		85CD54111B5B8D3F004B881C /* Info.plist */ = {isa = PBXFileReference; lastKnownFileType = text.plist.xml; path = Info.plist; sourceTree = "<group>"; };
		85CD54121B5B8D3F004B881C /* main.m */ = {isa = PBXFileReference; lastKnownFileType = sourcecode.c.objc; path = main.m; sourceTree = "<group>"; };
		85CD54141B5B8D3F004B881C /* AppDelegate.h */ = {isa = PBXFileReference; lastKnownFileType = sourcecode.c.h; path = AppDelegate.h; sourceTree = "<group>"; };
		85CD54151B5B8D3F004B881C /* AppDelegate.m */ = {isa = PBXFileReference; lastKnownFileType = sourcecode.c.objc; path = AppDelegate.m; sourceTree = "<group>"; };
		85CD54171B5B8D3F004B881C /* ViewController.h */ = {isa = PBXFileReference; lastKnownFileType = sourcecode.c.h; path = ViewController.h; sourceTree = "<group>"; };
		85CD54181B5B8D3F004B881C /* ViewController.m */ = {isa = PBXFileReference; lastKnownFileType = sourcecode.c.objc; path = ViewController.m; sourceTree = "<group>"; };
		85CD541B1B5B8D3F004B881C /* Base */ = {isa = PBXFileReference; lastKnownFileType = file.storyboard; name = Base; path = Base.lproj/Main.storyboard; sourceTree = "<group>"; };
		85CD541D1B5B8D3F004B881C /* Images.xcassets */ = {isa = PBXFileReference; lastKnownFileType = folder.assetcatalog; path = Images.xcassets; sourceTree = "<group>"; };
		85CD54201B5B8D3F004B881C /* Base */ = {isa = PBXFileReference; lastKnownFileType = file.xib; name = Base; path = Base.lproj/LaunchScreen.xib; sourceTree = "<group>"; };
		85CD54261B5B8D3F004B881C /* dasdfTests.xctest */ = {isa = PBXFileReference; explicitFileType = wrapper.cfbundle; includeInIndex = 0; path = dasdfTests.xctest; sourceTree = BUILT_PRODUCTS_DIR; };
		85CD542B1B5B8D3F004B881C /* Info.plist */ = {isa = PBXFileReference; lastKnownFileType = text.plist.xml; path = Info.plist; sourceTree = "<group>"; };
		85CD542C1B5B8D3F004B881C /* dasdfTests.m */ = {isa = PBXFileReference; lastKnownFileType = sourcecode.c.objc; path = dasdfTests.m; sourceTree = "<group>"; };
/* End PBXFileReference section */

/* Begin PBXFrameworksBuildPhase section */
		85CD540A1B5B8D3F004B881C /* Frameworks */ = {
			isa = PBXFrameworksBuildPhase;
			buildActionMask = 2147483647;
			files = (
			);
			runOnlyForDeploymentPostprocessing = 0;
		};
		85CD54231B5B8D3F004B881C /* Frameworks */ = {
			isa = PBXFrameworksBuildPhase;
			buildActionMask = 2147483647;
			files = (
			);
			runOnlyForDeploymentPostprocessing = 0;
		};
/* End PBXFrameworksBuildPhase section */

/* Begin PBXGroup section */
		85CD54041B5B8D3F004B881C = {
			isa = PBXGroup;
			children = (
				85CD540F1B5B8D3F004B881C /* dasdf */,
				85CD54291B5B8D3F004B881C /* dasdfTests */,
				85CD540E1B5B8D3F004B881C /* Products */,
			);
			sourceTree = "<group>";
		};
		85CD540E1B5B8D3F004B881C /* Products */ = {
			isa = PBXGroup;
			children = (
				85CD540D1B5B8D3F004B881C /* dasdf.app */,
				85CD54261B5B8D3F004B881C /* dasdfTests.xctest */,
			);
			name = Products;
			sourceTree = "<group>";
		};
		85CD540F1B5B8D3F004B881C /* dasdf */ = {
			isa = PBXGroup;
			children = (
				85CD54141B5B8D3F004B881C /* AppDelegate.h */,
				85CD54151B5B8D3F004B881C /* AppDelegate.m */,
				85CD54171B5B8D3F004B881C /* ViewController.h */,
				85CD54181B5B8D3F004B881C /* ViewController.m */,
				85CD541A1B5B8D3F004B881C /* Main.storyboard */,
				85CD541D1B5B8D3F004B881C /* Images.xcassets */,
				85CD541F1B5B8D3F004B881C /* LaunchScreen.xib */,
				85CD54101B5B8D3F004B881C /* Supporting Files */,
			);
			path = dasdf;
			sourceTree = "<group>";
		};
		85CD54101B5B8D3F004B881C /* Supporting Files */ = {
			isa = PBXGroup;
			children = (
				85CD54111B5B8D3F004B881C /* Info.plist */,
				85CD54121B5B8D3F004B881C /* main.m */,
			);
			name = "Supporting Files";
			sourceTree = "<group>";
		};
		85CD54291B5B8D3F004B881C /* dasdfTests */ = {
			isa = PBXGroup;
			children = (
				85CD542C1B5B8D3F004B881C /* dasdfTests.m */,
				85CD542A1B5B8D3F004B881C /* Supporting Files */,
			);
			path = dasdfTests;
			sourceTree = "<group>";
		};
		85CD542A1B5B8D3F004B881C /* Supporting Files */ = {
			isa = PBXGroup;
			children = (
				85CD542B1B5B8D3F004B881C /* Info.plist */,
			);
			name = "Supporting Files";
			sourceTree = "<group>";
		};
/* End PBXGroup section */

/* Begin PBXNativeTarget section */
		85CD540C1B5B8D3F004B881C /* dasdf */ = {
			isa = PBXNativeTarget;
			buildConfigurationList = 85CD54301B5B8D3F004B881C /* Build configuration list for PBXNativeTarget "dasdf" */;
			buildPhases = (
				85CD54091B5B8D3F004B881C /* Sources */,
				85CD540A1B5B8D3F004B881C /* Frameworks */,
				85CD540B1B5B8D3F004B881C /* Resources */,
			);
			buildRules = (
			);
			dependencies = (
			);
			name = dasdf;
			productName = dasdf;
			productReference = 85CD540D1B5B8D3F004B881C /* dasdf.app */;
			productType = "com.apple.product-type.application";
		};
		85CD54251B5B8D3F004B881C /* dasdfTests */ = {
			isa = PBXNativeTarget;
			buildConfigurationList = 85CD54331B5B8D3F004B881C /* Build configuration list for PBXNativeTarget "dasdfTests" */;
			buildPhases = (
				85CD54221B5B8D3F004B881C /* Sources */,
				85CD54231B5B8D3F004B881C /* Frameworks */,
				85CD54241B5B8D3F004B881C /* Resources */,
			);
			buildRules = (
			);
			dependencies = (
				85CD54281B5B8D3F004B881C /* PBXTargetDependency */,
			);
			name = dasdfTests;
			productName = dasdfTests;
			productReference = 85CD54261B5B8D3F004B881C /* dasdfTests.xctest */;
			productType = "com.apple.product-type.bundle.unit-test";
		};
/* End PBXNativeTarget section */

/* Begin PBXProject section */
		85CD54051B5B8D3F004B881C /* Project object */ = {
			isa = PBXProject;
			attributes = {
				LastUpgradeCheck = 0630;
				ORGANIZATIONNAME = zxx;
				TargetAttributes = {
					85CD540C1B5B8D3F004B881C = {
						CreatedOnToolsVersion = 6.3.1;
					};
					85CD54251B5B8D3F004B881C = {
						CreatedOnToolsVersion = 6.3.1;
						TestTargetID = 85CD540C1B5B8D3F004B881C;
					};
				};
			};
			buildConfigurationList = 85CD54081B5B8D3F004B881C /* Build configuration list for PBXProject "dasdf" */;
			compatibilityVersion = "Xcode 3.2";
			developmentRegion = English;
			hasScannedForEncodings = 0;
			knownRegions = (
				en,
				Base,
			);
			mainGroup = 85CD54041B5B8D3F004B881C;
			productRefGroup = 85CD540E1B5B8D3F004B881C /* Products */;
			projectDirPath = "";
			projectRoot = "";
			targets = (
				85CD540C1B5B8D3F004B881C /* dasdf */,
				85CD54251B5B8D3F004B881C /* dasdfTests */,
			);
		};
/* End PBXProject section */

/* Begin PBXResourcesBuildPhase section */
		85CD540B1B5B8D3F004B881C /* Resources */ = {
			isa = PBXResourcesBuildPhase;
			buildActionMask = 2147483647;
			files = (
				85CD541C1B5B8D3F004B881C /* Main.storyboard in Resources */,
				85CD54211B5B8D3F004B881C /* LaunchScreen.xib in Resources */,
				85CD541E1B5B8D3F004B881C /* Images.xcassets in Resources */,
			);
			runOnlyForDeploymentPostprocessing = 0;
		};
		85CD54241B5B8D3F004B881C /* Resources */ = {
			isa = PBXResourcesBuildPhase;
			buildActionMask = 2147483647;
			files = (
			);
			runOnlyForDeploymentPostprocessing = 0;
		};
/* End PBXResourcesBuildPhase section */

/* Begin PBXSourcesBuildPhase section */
		85CD54091B5B8D3F004B881C /* Sources */ = {
			isa = PBXSourcesBuildPhase;
			buildActionMask = 2147483647;
			files = (
				85CD54191B5B8D3F004B881C /* ViewController.m in Sources */,
				85CD54161B5B8D3F004B881C /* AppDelegate.m in Sources */,
				85CD54131B5B8D3F004B881C /* main.m in Sources */,
			);
			runOnlyForDeploymentPostprocessing = 0;
		};
		85CD54221B5B8D3F004B881C /* Sources */ = {
			isa = PBXSourcesBuildPhase;
			buildActionMask = 2147483647;
			files = (
				85CD542D1B5B8D3F004B881C /* dasdfTests.m in Sources */,
			);
			runOnlyForDeploymentPostprocessing = 0;
		};
/* End PBXSourcesBuildPhase section */

/* Begin PBXTargetDependency section */
		85CD54281B5B8D3F004B881C /* PBXTargetDependency */ = {
			isa = PBXTargetDependency;
			target = 85CD540C1B5B8D3F004B881C /* dasdf */;
			targetProxy = 85CD54271B5B8D3F004B881C /* PBXContainerItemProxy */;
		};
/* End PBXTargetDependency section */

/* Begin PBXVariantGroup section */
		85CD541A1B5B8D3F004B881C /* Main.storyboard */ = {
			isa = PBXVariantGroup;
			children = (
				85CD541B1B5B8D3F004B881C /* Base */,
			);
			name = Main.storyboard;
			sourceTree = "<group>";
		};
		85CD541F1B5B8D3F004B881C /* LaunchScreen.xib */ = {
			isa = PBXVariantGroup;
			children = (
				85CD54201B5B8D3F004B881C /* Base */,
			);
			name = LaunchScreen.xib;
			sourceTree = "<group>";
		};
/* End PBXVariantGroup section */

/* Begin XCBuildConfiguration section */
		85CD542E1B5B8D3F004B881C /* Debug */ = {
			isa = XCBuildConfiguration;
			buildSettings = {
				ALWAYS_SEARCH_USER_PATHS = NO;
				CLANG_CXX_LANGUAGE_STANDARD = "gnu++0x";
				CLANG_CXX_LIBRARY = "libc++";
				CLANG_ENABLE_MODULES = YES;
				CLANG_ENABLE_OBJC_ARC = YES;
				CLANG_WARN_BOOL_CONVERSION = YES;
				CLANG_WARN_CONSTANT_CONVERSION = YES;
				CLANG_WARN_DIRECT_OBJC_ISA_USAGE = YES_ERROR;
				CLANG_WARN_EMPTY_BODY = YES;
				CLANG_WARN_ENUM_CONVERSION = YES;
				CLANG_WARN_INT_CONVERSION = YES;
				CLANG_WARN_OBJC_ROOT_CLASS = YES_ERROR;
				CLANG_WARN_UNREACHABLE_CODE = YES;
				CLANG_WARN__DUPLICATE_METHOD_MATCH = YES;
				"CODE_SIGN_IDENTITY[sdk=iphoneos*]" = "iPhone Developer";
				COPY_PHASE_STRIP = NO;
				DEBUG_INFORMATION_FORMAT = "dwarf-with-dsym";
				ENABLE_STRICT_OBJC_MSGSEND = YES;
				GCC_C_LANGUAGE_STANDARD = gnu99;
				GCC_DYNAMIC_NO_PIC = NO;
				GCC_NO_COMMON_BLOCKS = YES;
				GCC_OPTIMIZATION_LEVEL = 0;
				GCC_PREPROCESSOR_DEFINITIONS = (
					"DEBUG=1",
					"$(inherited)",
				);
				GCC_SYMBOLS_PRIVATE_EXTERN = NO;
				GCC_WARN_64_TO_32_BIT_CONVERSION = YES;
				GCC_WARN_ABOUT_RETURN_TYPE = YES_ERROR;
				GCC_WARN_UNDECLARED_SELECTOR = YES;
				GCC_WARN_UNINITIALIZED_AUTOS = YES_AGGRESSIVE;
				GCC_WARN_UNUSED_FUNCTION = YES;
				GCC_WARN_UNUSED_VARIABLE = YES;
				IPHONEOS_DEPLOYMENT_TARGET = 8.3;
				MTL_ENABLE_DEBUG_INFO = YES;
				ONLY_ACTIVE_ARCH = YES;
				SDKROOT = iphoneos;
			};
			name = Debug;
		};
		85CD542F1B5B8D3F004B881C /* Release */ = {
			isa = XCBuildConfiguration;
			buildSettings = {
				ALWAYS_SEARCH_USER_PATHS = NO;
				CLANG_CXX_LANGUAGE_STANDARD = "gnu++0x";
				CLANG_CXX_LIBRARY = "libc++";
				CLANG_ENABLE_MODULES = YES;
				CLANG_ENABLE_OBJC_ARC = YES;
				CLANG_WARN_BOOL_CONVERSION = YES;
				CLANG_WARN_CONSTANT_CONVERSION = YES;
				CLANG_WARN_DIRECT_OBJC_ISA_USAGE = YES_ERROR;
				CLANG_WARN_EMPTY_BODY = YES;
				CLANG_WARN_ENUM_CONVERSION = YES;
				CLANG_WARN_INT_CONVERSION = YES;
				CLANG_WARN_OBJC_ROOT_CLASS = YES_ERROR;
				CLANG_WARN_UNREACHABLE_CODE = YES;
				CLANG_WARN__DUPLICATE_METHOD_MATCH = YES;
				"CODE_SIGN_IDENTITY[sdk=iphoneos*]" = "iPhone Developer";
				COPY_PHASE_STRIP = NO;
				DEBUG_INFORMATION_FORMAT = "dwarf-with-dsym";
				ENABLE_NS_ASSERTIONS = NO;
				ENABLE_STRICT_OBJC_MSGSEND = YES;
				GCC_C_LANGUAGE_STANDARD = gnu99;
				GCC_NO_COMMON_BLOCKS = YES;
				GCC_WARN_64_TO_32_BIT_CONVERSION = YES;
				GCC_WARN_ABOUT_RETURN_TYPE = YES_ERROR;
				GCC_WARN_UNDECLARED_SELECTOR = YES;
				GCC_WARN_UNINITIALIZED_AUTOS = YES_AGGRESSIVE;
				GCC_WARN_UNUSED_FUNCTION = YES;
				GCC_WARN_UNUSED_VARIABLE = YES;
				IPHONEOS_DEPLOYMENT_TARGET = 8.3;
				MTL_ENABLE_DEBUG_INFO = NO;
				SDKROOT = iphoneos;
				VALIDATE_PRODUCT = YES;
			};
			name = Release;
		};
		85CD54311B5B8D3F004B881C /* Debug */ = {
			isa = XCBuildConfiguration;
			buildSettings = {
				ASSETCATALOG_COMPILER_APPICON_NAME = AppIcon;
				INFOPLIST_FILE = dasdf/Info.plist;
				LD_RUNPATH_SEARCH_PATHS = "$(inherited) @executable_path/Frameworks";
				PRODUCT_NAME = "$(TARGET_NAME)";
			};
			name = Debug;
		};
		85CD54321B5B8D3F004B881C /* Release */ = {
			isa = XCBuildConfiguration;
			buildSettings = {
				ASSETCATALOG_COMPILER_APPICON_NAME = AppIcon;
				INFOPLIST_FILE = dasdf/Info.plist;
				LD_RUNPATH_SEARCH_PATHS = "$(inherited) @executable_path/Frameworks";
				PRODUCT_NAME = "$(TARGET_NAME)";
			};
			name = Release;
		};
		85CD54341B5B8D3F004B881C /* Debug */ = {
			isa = XCBuildConfiguration;
			buildSettings = {
				BUNDLE_LOADER = "$(TEST_HOST)";
				FRAMEWORK_SEARCH_PATHS = (
					"$(SDKROOT)/Developer/Library/Frameworks",
					"$(inherited)",
				);
				GCC_PREPROCESSOR_DEFINITIONS = (
					"DEBUG=1",
					"$(inherited)",
				);
				INFOPLIST_FILE = dasdfTests/Info.plist;
				LD_RUNPATH_SEARCH_PATHS = "$(inherited) @executable_path/Frameworks @loader_path/Frameworks";
				PRODUCT_NAME = "$(TARGET_NAME)";
				TEST_HOST = "$(BUILT_PRODUCTS_DIR)/dasdf.app/dasdf";
			};
			name = Debug;
		};
		85CD54351B5B8D3F004B881C /* Release */ = {
			isa = XCBuildConfiguration;
			buildSettings = {
				BUNDLE_LOADER = "$(TEST_HOST)";
				FRAMEWORK_SEARCH_PATHS = (
					"$(SDKROOT)/Developer/Library/Frameworks",
					"$(inherited)",
				);
				INFOPLIST_FILE = dasdfTests/Info.plist;
				LD_RUNPATH_SEARCH_PATHS = "$(inherited) @executable_path/Frameworks @loader_path/Frameworks";
				PRODUCT_NAME = "$(TARGET_NAME)";
				TEST_HOST = "$(BUILT_PRODUCTS_DIR)/dasdf.app/dasdf";
			};
			name = Release;
		};
/* End XCBuildConfiguration section */

/* Begin XCConfigurationList section */
		85CD54081B5B8D3F004B881C /* Build configuration list for PBXProject "dasdf" */ = {
			isa = XCConfigurationList;
			buildConfigurations = (
				85CD542E1B5B8D3F004B881C /* Debug */,
				85CD542F1B5B8D3F004B881C /* Release */,
			);
			defaultConfigurationIsVisible = 0;
			defaultConfigurationName = Release;
		};
		85CD54301B5B8D3F004B881C /* Build configuration list for PBXNativeTarget "dasdf" */ = {
			isa = XCConfigurationList;
			buildConfigurations = (
				85CD54311B5B8D3F004B881C /* Debug */,
				85CD54321B5B8D3F004B881C /* Release */,
			);
			defaultConfigurationIsVisible = 0;
		};
		85CD54331B5B8D3F004B881C /* Build configuration list for PBXNativeTarget "dasdfTests" */ = {
			isa = XCConfigurationList;
			buildConfigurations = (
				85CD54341B5B8D3F004B881C /* Debug */,
				85CD54351B5B8D3F004B881C /* Release */,
			);
			defaultConfigurationIsVisible = 0;
		};
/* End XCConfigurationList section */
	};
	rootObject = 85CD54051B5B8D3F004B881C /* Project object */;
}
